
Microsoft Visual Studio Solution File, Format Version 12.00
# Visual Studio Version 17
VisualStudioVersion = 17.5.002.0
MinimumVisualStudioVersion = 10.0.40219.1
Project("{9A19103F-16F7-4668-BE54-9A1E7A4F7556}") = "api", "api.csproj", "{48114CA1-80A4-428E-A53D-16C5BAD55956}"
EndProject
Global
	GlobalSection(SolutionConfigurationPlatforms) = preSolution
		Debug|Any CPU = Debug|Any CPU
		Release|Any CPU = Release|Any CPU
	EndGlobalSection
	GlobalSection(ProjectConfigurationPlatforms) = postSolution
		{48114CA1-80A4-428E-A53D-16C5BAD55956}.Debug|Any CPU.ActiveCfg = Debug|Any CPU
		{48114CA1-80A4-428E-A53D-16C5BAD55956}.Debug|Any CPU.Build.0 = Debug|Any CPU
		{48114CA1-80A4-428E-A53D-16C5BAD55956}.Release|Any CPU.ActiveCfg = Release|Any CPU
		{48114CA1-80A4-428E-A53D-16C5BAD55956}.Release|Any CPU.Build.0 = Release|Any CPU
	EndGlobalSection
	GlobalSection(SolutionProperties) = preSolution
		HideSolutionNode = FALSE
	EndGlobalSection
	GlobalSection(ExtensibilityGlobals) = postSolution
		SolutionGuid = {7469DB65-8D0B-47AD-8E88-7B0B77748C8F}
	EndGlobalSection
EndGlobal
